{
  "name": "vulnerable-app",
  "version": "1.0.0",
  "lockfileVersion": 3,
  "requires": true,
  "packages": {
    "": {
      "name": "vulnerable-app",
      "version": "1.0.0",
      "dependencies": {
        "express": "^4.18.0",
        "mysql2": "^3.0.0",
        "xml2js": "^0.4.0"
      }
    }
  },
  "dependencies": {
    "express": {
      "version": "4.18.4",
      "resolved": "https://registry.npmjs.org/express/-/express-4.18.4.tgz",
      "integrity": "sha512-Q4Ov7ckmQCHIz+R4z6QqJgQbWPtN7iBy+brzqI4KqQarEdhYnm91eHEqvWMeL8AFQlGoyZCoZDA3Vb7zk5rjxw==",
      "dependencies": {
        "accepts": "~1.3.8",
        "array-flatten": "1.1.1",
        "body-parser": "1.20.2",
        "content-disposition": "0.5.4",
        "content-type": "~1.0.4",
        "cookie": "0.5.0",
        "cookie-signature": "1.0.6",
        "debug": "2.6.9",
        "depd": "~2.0.0",
        "encodeurl": "~1.0.2",
        "escape-html": "~1.0.3",
        "etag": "~1.8.1",
        "finalhandler": "1.2.0",
        "fresh": "0.5.2",
        "http-errors": "2.0.0",
        "merge-descriptors": "1.0.1",
        "methods": "~1.1.2",
        "on-finished": "2.4.1",
        "parseurl": "~1.3.3",
        "path-to-regexp": "0.1.7",
        "proxy-addr": "~2.0.7",
        "qs": "6.11.0",
        "range-parser": "~1.2.1",
        "safe-buffer": "5.2.1",
        "send": "0.18.0",
        "serve-static": "1.15.0",
        "setprototypeof": "1.2.0",
        "statuses": "2.0.1",
        "type-is": "~1.6.18",
        "utils-merge": "1.0.1",
        "vary": "~1.1.2"
      }
    },
    "mysql2": {
      "version": "3.9.7",
      "resolved": "https://registry.npmjs.org/mysql2/-/mysql2-3.9.7.tgz",
      "integrity": "sha512-NV2v1W1E/7Ch3tMZKUOFSRUEfS2bZ8zvjHpk2OK2QPaWRhr5lH6JJU6FsRJz4uYgkKnkgMdLOutRXNGu2B4U8g==",
      "dependencies": {
        "denque": "^2.0.1",
        "generate-function": "^2.3.1",
        "long": "^4.0.0",
        "named-placeholders": "^1.1.3",
        "seq-queue": "^0.0.5",
        "sqlstring": "^2.3.3"
      }
    },
    "xml2js": {
      "version": "0.4.23",
      "resolved": "https://registry.npmjs.org/xml2js/-/xml2js-0.4.23.tgz",
      "integrity": "sha512-9t+g7cpkp2B5JCln1zDdMC7PBlT1/yzKqDJj1gQaIpLswhht3gMkoVW+bsX3G3Je8hUrsz30Ry6k5SCfgfU1Zg==",
      "dependencies": {
        "sax": ">=0.6.0",
        "xmlbuilder": "~11.0.0"
      }
    }
  }
}
